
Microsoft Visual Studio Solution File, Format Version 12.00
# Visual Studio Version 16
VisualStudioVersion = 16.0.30523.141
MinimumVisualStudioVersion = 10.0.40219.1
Project("{8BC9CEB8-8B4A-11D0-8D11-00A0C91BC942}") = "Sandbox", "Sandbox\Sandbox.vcxproj", "{CAC195A5-F62F-47E0-9754-47EE07B9BE5F}"
EndProject
Project("{8BC9CEB8-8B4A-11D0-8D11-00A0C91BC942}") = "LOULEN", "LOULEN\LOULEN.vcxproj", "{EA3E7373-FEFD-44E8-9B82-A7E590949971}"
EndProject
Global
	GlobalSection(SolutionConfigurationPlatforms) = preSolution
		Debug|x64 = Debug|x64
		Debug|x86 = Debug|x86
		Release|x64 = Release|x64
		Release|x86 = Release|x86
	EndGlobalSection
	GlobalSection(ProjectConfigurationPlatforms) = postSolution
		{EA3E7373-FEFD-44E8-9B82-A7E590949971}.Debug|x64.ActiveCfg = Debug|x64
		{EA3E7373-FEFD-44E8-9B82-A7E590949971}.Debug|x64.Build.0 = Debug|x64
		{EA3E7373-FEFD-44E8-9B82-A7E590949971}.Debug|x86.ActiveCfg = Debug|Win32
		{EA3E7373-FEFD-44E8-9B82-A7E590949971}.Debug|x86.Build.0 = Debug|Win32
		{EA3E7373-FEFD-44E8-9B82-A7E590949971}.Release|x64.ActiveCfg = Release|x64
		{EA3E7373-FEFD-44E8-9B82-A7E590949971}.Release|x64.Build.0 = Release|x64
		{EA3E7373-FEFD-44E8-9B82-A7E590949971}.Release|x86.ActiveCfg = Release|x64
		{CAC195A5-F62F-47E0-9754-47EE07B9BE5F}.Debug|x64.ActiveCfg = Debug|x64
		{CAC195A5-F62F-47E0-9754-47EE07B9BE5F}.Debug|x64.Build.0 = Debug|x64
		{CAC195A5-F62F-47E0-9754-47EE07B9BE5F}.Debug|x86.ActiveCfg = Debug|Win32
		{CAC195A5-F62F-47E0-9754-47EE07B9BE5F}.Debug|x86.Build.0 = Debug|Win32
		{CAC195A5-F62F-47E0-9754-47EE07B9BE5F}.Release|x64.ActiveCfg = Release|x64
		{CAC195A5-F62F-47E0-9754-47EE07B9BE5F}.Release|x64.Build.0 = Release|x64
		{CAC195A5-F62F-47E0-9754-47EE07B9BE5F}.Release|x86.ActiveCfg = Release|Win32
		{CAC195A5-F62F-47E0-9754-47EE07B9BE5F}.Release|x86.Build.0 = Release|Win32
	EndGlobalSection
	GlobalSection(SolutionProperties) = preSolution
		HideSolutionNode = FALSE
	EndGlobalSection
	GlobalSection(ExtensibilityGlobals) = postSolution
		SolutionGuid = {44563CD4-DA06-480C-BD41-699598D3BFFB}
	EndGlobalSection
EndGlobal
